<?xml version="1.0" encoding="utf-8"?>
<Project ToolsVersion="4.0" xmlns="http://schemas.microsoft.com/developer/msbuild/2003">
  <ItemGroup>
    <Filter Include="Source Files">
      <UniqueIdentifier>{4FC737F1-C7A5-4376-A066-2A32D752A2FF}</UniqueIdentifier>
      <Extensions>cpp;c;cc;cxx;def;odl;idl;hpj;bat;asm;asmx</Extensions>
    </Filter>
    <Filter Include="Header Files">
      <UniqueIdentifier>{93995380-89BD-4b04-88EB-625FBE52EBFB}</UniqueIdentifier>
      <Extensions>h;hh;hpp;hxx;hm;inl;inc;ipp;xsd</Extensions>
    </Filter>
    <Filter Include="Resource Files">
      <UniqueIdentifier>{67DA6AB6-F800-4c08-8B7A-83BB121AAD01}</UniqueIdentifier>
      <Extensions>rc;ico;cur;bmp;dlg;rc2;rct;bin;rgs;gif;jpg;jpeg;jpe;resx;tiff;tif;png;wav;mfcribbon-ms</Extensions>
    </Filter>
    <Filter Include="Header Files\common">
      <UniqueIdentifier>{cac916fe-beb8-4e7e-b510-1ee7dd6955bb}</UniqueIdentifier>
    </Filter>
    <Filter Include="Source Files\common">
      <UniqueIdentifier>{6b0b5c0d-8e51-47e5-b176-c6be95699bf7}</UniqueIdentifier>
    </Filter>
    <Filter Include="Source Files\gui">
      <UniqueIdentifier>{221f2cb3-342b-42dd-9ac6-2d6cc4625892}</UniqueIdentifier>
    </Filter>
    <Filter Include="Header Files\gui">
      <UniqueIdentifier>{5dc0c4db-de88-4d83-b38e-40a4c488bd3d}</UniqueIdentifier>
    </Filter>
    <Filter Include="Header Files\primitives">
      <UniqueIdentifier>{092e467b-d236-40c3-9fe7-06068bb8e822}</UniqueIdentifier>
    </Filter>
    <Filter Include="Source Files\primitives">
      <UniqueIdentifier>{baba6158-fa8b-4b22-901c-af8c835d2b8a}</UniqueIdentifier>
    </Filter>
    <Filter Include="Header Files\window">
      <UniqueIdentifier>{1f3e78b3-3c29-43f0-bf1f-3aa3b2d54c7f}</UniqueIdentifier>
    </Filter>
    <Filter Include="Source Files\window">
      <UniqueIdentifier>{b9765388-fe82-4dbf-8c03-839005f97472}</UniqueIdentifier>
    </Filter>
    <Filter Include="Header Files\interface">
      <UniqueIdentifier>{d02e7712-9a95-4e54-b675-4343c8e9bd00}</UniqueIdentifier>
    </Filter>
    <Filter Include="Source Files\interface">
      <UniqueIdentifier>{9080805d-8ce0-4c09-bffa-4ca3af33d662}</UniqueIdentifier>
    </Filter>
  </ItemGroup>
  <ItemGroup>
    <ClCompile Include="main.cpp">
      <Filter>Source Files</Filter>
    </ClCompile>
    <ClCompile Include="source\engine\common\global.cpp">
      <Filter>Source Files\common</Filter>
    </ClCompile>
    <ClCompile Include="source\engine\common\objects.cpp">
      <Filter>Source Files\common</Filter>
    </ClCompile>
    <ClCompile Include="source\engine\common\shader.cpp">
      <Filter>Source Files\common</Filter>
    </ClCompile>
    <ClCompile Include="source\engine\engine.cpp">
      <Filter>Source Files</Filter>
    </ClCompile>
    <ClCompile Include="source\engine\window\window.cpp">
      <Filter>Source Files\window</Filter>
    </ClCompile>
    <ClCompile Include="source\engine\gui\button.cpp">
      <Filter>Source Files\gui</Filter>
    </ClCompile>
    <ClCompile Include="source\engine\gui\form_input.cpp">
      <Filter>Source Files\gui</Filter>
    </ClCompile>
    <ClCompile Include="source\engine\gui\image.cpp">
      <Filter>Source Files\gui</Filter>
    </ClCompile>
    <ClCompile Include="source\engine\gui\rectangle.cpp">
      <Filter>Source Files\gui</Filter>
    </ClCompile>
    <ClCompile Include="source\engine\gui\simple_text.cpp">
      <Filter>Source Files\gui</Filter>
    </ClCompile>
    <ClCompile Include="source\engine\primitives\bitmap_font.cpp">
      <Filter>Source Files\primitives</Filter>
    </ClCompile>
    <ClCompile Include="source\engine\primitives\empty_rectangle.cpp">
      <Filter>Source Files\primitives</Filter>
    </ClCompile>
    <ClCompile Include="source\engine\primitives\filled_rectangle.cpp">
      <Filter>Source Files\primitives</Filter>
    </ClCompile>
    <ClCompile Include="source\engine\primitives\image_sprite.cpp">
      <Filter>Source Files\primitives</Filter>
    </ClCompile>
    <ClCompile Include="source\engine\interface\interface.cpp">
      <Filter>Source Files\interface</Filter>
    </ClCompile>
    <ClCompile Include="source\engine\gui\menu.cpp">
      <Filter>Source Files\gui</Filter>
    </ClCompile>
  </ItemGroup>
  <ItemGroup>
    <ClInclude Include="source\engine\common\global.h">
      <Filter>Header Files\common</Filter>
    </ClInclude>
    <ClInclude Include="source\engine\common\headers.h">
      <Filter>Header Files\common</Filter>
    </ClInclude>
    <ClInclude Include="source\engine\common\objects.h">
      <Filter>Header Files\common</Filter>
    </ClInclude>
    <ClInclude Include="source\engine\common\shader.h">
      <Filter>Header Files\common</Filter>
    </ClInclude>
    <ClInclude Include="source\engine\engine.h">
      <Filter>Header Files</Filter>
    </ClInclude>
    <ClInclude Include="source\engine\window\window.h">
      <Filter>Header Files\window</Filter>
    </ClInclude>
    <ClInclude Include="source\engine\gui\button.h">
      <Filter>Header Files\gui</Filter>
    </ClInclude>
    <ClInclude Include="source\engine\gui\form_input.h">
      <Filter>Header Files\gui</Filter>
    </ClInclude>
    <ClInclude Include="source\engine\gui\image.h">
      <Filter>Header Files\gui</Filter>
    </ClInclude>
    <ClInclude Include="source\engine\gui\rectangle.h">
      <Filter>Header Files\gui</Filter>
    </ClInclude>
    <ClInclude Include="source\engine\gui\simple_text.h">
      <Filter>Header Files\gui</Filter>
    </ClInclude>
    <ClInclude Include="source\engine\primitives\bitmap_font.h">
      <Filter>Header Files\primitives</Filter>
    </ClInclude>
    <ClInclude Include="source\engine\primitives\empty_rectangle.h">
      <Filter>Header Files\primitives</Filter>
    </ClInclude>
    <ClInclude Include="source\engine\primitives\filled_rectangle.h">
      <Filter>Header Files\primitives</Filter>
    </ClInclude>
    <ClInclude Include="source\engine\primitives\image_sprite.h">
      <Filter>Header Files\primitives</Filter>
    </ClInclude>
    <ClInclude Include="source\engine\primitives\primitives.h">
      <Filter>Header Files\primitives</Filter>
    </ClInclude>
    <ClInclude Include="source\engine\interface\interface.h">
      <Filter>Header Files\interface</Filter>
    </ClInclude>
    <ClInclude Include="source\engine\gui\gui.h">
      <Filter>Header Files\gui</Filter>
    </ClInclude>
    <ClInclude Include="source\engine\gui\menu.h">
      <Filter>Header Files\gui</Filter>
    </ClInclude>
  </ItemGroup>
</Project>